
Microsoft Visual Studio Solution File, Format Version 12.00
# Visual Studio Version 17
VisualStudioVersion = 17.6.33815.320
MinimumVisualStudioVersion = 10.0.40219.1
Project("{FAE04EC0-301F-11D3-BF4B-00C04F79EFBC}") = "Healthy_App", "Healthy_App\Healthy_App.csproj", "{0F792755-640A-46C6-BF91-3AD65EA5C022}"
EndProject
Global
	GlobalSection(SolutionConfigurationPlatforms) = preSolution
		Debug|Any CPU = Debug|Any CPU
		Release|Any CPU = Release|Any CPU
	EndGlobalSection
	GlobalSection(ProjectConfigurationPlatforms) = postSolution
		{0F792755-640A-46C6-BF91-3AD65EA5C022}.Debug|Any CPU.ActiveCfg = Debug|Any CPU
		{0F792755-640A-46C6-BF91-3AD65EA5C022}.Debug|Any CPU.Build.0 = Debug|Any CPU
		{0F792755-640A-46C6-BF91-3AD65EA5C022}.Release|Any CPU.ActiveCfg = Release|Any CPU
		{0F792755-640A-46C6-BF91-3AD65EA5C022}.Release|Any CPU.Build.0 = Release|Any CPU
	EndGlobalSection
	GlobalSection(SolutionProperties) = preSolution
		HideSolutionNode = FALSE
	EndGlobalSection
	GlobalSection(ExtensibilityGlobals) = postSolution
		SolutionGuid = {AE748670-E636-4753-BB95-36146466FE79}
	EndGlobalSection
EndGlobal
